
Microsoft Visual Studio Solution File, Format Version 12.00
# Visual Studio Version 16
VisualStudioVersion = 16.0.31321.278
MinimumVisualStudioVersion = 10.0.40219.1
Project("{FAE04EC0-301F-11D3-BF4B-00C04F79EFBC}") = "RavnChallenge.Server", "RavnChallenge\Server\RavnChallenge.Server.csproj", "{98F38560-0466-44E9-82E9-27E502107FF6}"
EndProject
Project("{FAE04EC0-301F-11D3-BF4B-00C04F79EFBC}") = "RavnChallenge.Client", "RavnChallenge\Client\RavnChallenge.Client.csproj", "{8F03EDFA-E5B9-4F09-83CF-DD5BA3F629B1}"
EndProject
Project("{FAE04EC0-301F-11D3-BF4B-00C04F79EFBC}") = "RavnChallenge.Shared", "RavnChallenge\Shared\RavnChallenge.Shared.csproj", "{ECCE3AB5-03C3-4EF0-989D-6CC9919C7558}"
EndProject
Global
	GlobalSection(SolutionConfigurationPlatforms) = preSolution
		Debug|Any CPU = Debug|Any CPU
		Release|Any CPU = Release|Any CPU
	EndGlobalSection
	GlobalSection(ProjectConfigurationPlatforms) = postSolution
		{98F38560-0466-44E9-82E9-27E502107FF6}.Debug|Any CPU.ActiveCfg = Debug|Any CPU
		{98F38560-0466-44E9-82E9-27E502107FF6}.Debug|Any CPU.Build.0 = Debug|Any CPU
		{98F38560-0466-44E9-82E9-27E502107FF6}.Release|Any CPU.ActiveCfg = Release|Any CPU
		{98F38560-0466-44E9-82E9-27E502107FF6}.Release|Any CPU.Build.0 = Release|Any CPU
		{8F03EDFA-E5B9-4F09-83CF-DD5BA3F629B1}.Debug|Any CPU.ActiveCfg = Debug|Any CPU
		{8F03EDFA-E5B9-4F09-83CF-DD5BA3F629B1}.Debug|Any CPU.Build.0 = Debug|Any CPU
		{8F03EDFA-E5B9-4F09-83CF-DD5BA3F629B1}.Release|Any CPU.ActiveCfg = Release|Any CPU
		{8F03EDFA-E5B9-4F09-83CF-DD5BA3F629B1}.Release|Any CPU.Build.0 = Release|Any CPU
		{ECCE3AB5-03C3-4EF0-989D-6CC9919C7558}.Debug|Any CPU.ActiveCfg = Debug|Any CPU
		{ECCE3AB5-03C3-4EF0-989D-6CC9919C7558}.Debug|Any CPU.Build.0 = Debug|Any CPU
		{ECCE3AB5-03C3-4EF0-989D-6CC9919C7558}.Release|Any CPU.ActiveCfg = Release|Any CPU
		{ECCE3AB5-03C3-4EF0-989D-6CC9919C7558}.Release|Any CPU.Build.0 = Release|Any CPU
	EndGlobalSection
	GlobalSection(SolutionProperties) = preSolution
		HideSolutionNode = FALSE
	EndGlobalSection
	GlobalSection(ExtensibilityGlobals) = postSolution
		SolutionGuid = {763102DA-C89B-4687-87E0-FD7B5D3B971E}
	EndGlobalSection
EndGlobal
